
Microsoft Visual Studio Solution File, Format Version 12.00
# Visual Studio Version 17
VisualStudioVersion = 17.13.35931.197 d17.13
MinimumVisualStudioVersion = 10.0.40219.1
Project("{FAE04EC0-301F-11D3-BF4B-00C04F79EFBC}") = "Server", "Server.csproj", "{6857E8E8-3035-4FD5-9B86-05BDFD11767C}"
EndProject
Global
	GlobalSection(SolutionConfigurationPlatforms) = preSolution
		Debug|Any CPU = Debug|Any CPU
		Release|Any CPU = Release|Any CPU
	EndGlobalSection
	GlobalSection(ProjectConfigurationPlatforms) = postSolution
		{6857E8E8-3035-4FD5-9B86-05BDFD11767C}.Debug|Any CPU.ActiveCfg = Debug|Any CPU
		{6857E8E8-3035-4FD5-9B86-05BDFD11767C}.Debug|Any CPU.Build.0 = Debug|Any CPU
		{6857E8E8-3035-4FD5-9B86-05BDFD11767C}.Release|Any CPU.ActiveCfg = Release|Any CPU
		{6857E8E8-3035-4FD5-9B86-05BDFD11767C}.Release|Any CPU.Build.0 = Release|Any CPU
	EndGlobalSection
	GlobalSection(SolutionProperties) = preSolution
		HideSolutionNode = FALSE
	EndGlobalSection
	GlobalSection(ExtensibilityGlobals) = postSolution
		SolutionGuid = {330E0F61-5009-47C8-98B8-B435257C080C}
	EndGlobalSection
EndGlobal
