
Microsoft Visual Studio Solution File, Format Version 12.00
# Visual Studio Version 17
VisualStudioVersion = 17.13.35931.197 d17.13
MinimumVisualStudioVersion = 10.0.40219.1
Project("{FAE04EC0-301F-11D3-BF4B-00C04F79EFBC}") = "Web-API-Project", "Web-API-Project.csproj", "{DFA172D9-3028-43A1-AD38-0B757F1A33A3}"
EndProject
Global
	GlobalSection(SolutionConfigurationPlatforms) = preSolution
		Debug|Any CPU = Debug|Any CPU
		Release|Any CPU = Release|Any CPU
	EndGlobalSection
	GlobalSection(ProjectConfigurationPlatforms) = postSolution
		{DFA172D9-3028-43A1-AD38-0B757F1A33A3}.Debug|Any CPU.ActiveCfg = Debug|Any CPU
		{DFA172D9-3028-43A1-AD38-0B757F1A33A3}.Debug|Any CPU.Build.0 = Debug|Any CPU
		{DFA172D9-3028-43A1-AD38-0B757F1A33A3}.Release|Any CPU.ActiveCfg = Release|Any CPU
		{DFA172D9-3028-43A1-AD38-0B757F1A33A3}.Release|Any CPU.Build.0 = Release|Any CPU
	EndGlobalSection
	GlobalSection(SolutionProperties) = preSolution
		HideSolutionNode = FALSE
	EndGlobalSection
	GlobalSection(ExtensibilityGlobals) = postSolution
		SolutionGuid = {F3C78E9C-C1F9-4DDA-9F87-AF18B098C08D}
	EndGlobalSection
EndGlobal
